// !$*UTF8*$!
{
	archiveVersion = 1;
	classes = {
	};
	objectVersion = 50;
	objects = {

/* Begin PBXBuildFile section */
		67FF8921221B6BAE005D9B2A /* AppDelegate.swift in Sources */ = {isa = PBXBuildFile; fileRef = 67FF8920221B6BAE005D9B2A /* AppDelegate.swift */; };
		67FF8923221B6BAE005D9B2A /* MasterViewController.swift in Sources */ = {isa = PBXBuildFile; fileRef = 67FF8922221B6BAE005D9B2A /* MasterViewController.swift */; };
		67FF8925221B6BAE005D9B2A /* DetailViewController.swift in Sources */ = {isa = PBXBuildFile; fileRef = 67FF8924221B6BAE005D9B2A /* DetailViewController.swift */; };
		67FF8928221B6BAE005D9B2A /* Main.storyboard in Resources */ = {isa = PBXBuildFile; fileRef = 67FF8926221B6BAE005D9B2A /* Main.storyboard */; };
		67FF892A221B6BAF005D9B2A /* Assets.xcassets in Resources */ = {isa = PBXBuildFile; fileRef = 67FF8929221B6BAF005D9B2A /* Assets.xcassets */; };
		67FF892D221B6BAF005D9B2A /* LaunchScreen.storyboard in Resources */ = {isa = PBXBuildFile; fileRef = 67FF892B221B6BAF005D9B2A /* LaunchScreen.storyboard */; };
		67FF8938221B6BAF005D9B2A /* Spartan_ClubsTests.swift in Sources */ = {isa = PBXBuildFile; fileRef = 67FF8937221B6BAF005D9B2A /* Spartan_ClubsTests.swift */; };
		67FF8943221B6BAF005D9B2A /* Spartan_ClubsUITests.swift in Sources */ = {isa = PBXBuildFile; fileRef = 67FF8942221B6BAF005D9B2A /* Spartan_ClubsUITests.swift */; };
/* End PBXBuildFile section */

/* Begin PBXContainerItemProxy section */
		67FF8934221B6BAF005D9B2A /* PBXContainerItemProxy */ = {
			isa = PBXContainerItemProxy;
			containerPortal = 67FF8915221B6BAE005D9B2A /* Project object */;
			proxyType = 1;
			remoteGlobalIDString = 67FF891C221B6BAE005D9B2A;
			remoteInfo = "Spartan Clubs";
		};
		67FF893F221B6BAF005D9B2A /* PBXContainerItemProxy */ = {
			isa = PBXContainerItemProxy;
			containerPortal = 67FF8915221B6BAE005D9B2A /* Project object */;
			proxyType = 1;
			remoteGlobalIDString = 67FF891C221B6BAE005D9B2A;
			remoteInfo = "Spartan Clubs";
		};
/* End PBXContainerItemProxy section */

/* Begin PBXFileReference section */
		67FF891D221B6BAE005D9B2A /* Spartan Clubs.app */ = {isa = PBXFileReference; explicitFileType = wrapper.application; includeInIndex = 0; path = "Spartan Clubs.app"; sourceTree = BUILT_PRODUCTS_DIR; };
		67FF8920221B6BAE005D9B2A /* AppDelegate.swift */ = {isa = PBXFileReference; lastKnownFileType = sourcecode.swift; path = AppDelegate.swift; sourceTree = "<group>"; };
		67FF8922221B6BAE005D9B2A /* MasterViewController.swift */ = {isa = PBXFileReference; lastKnownFileType = sourcecode.swift; path = MasterViewController.swift; sourceTree = "<group>"; };
		67FF8924221B6BAE005D9B2A /* DetailViewController.swift */ = {isa = PBXFileReference; lastKnownFileType = sourcecode.swift; path = DetailViewController.swift; sourceTree = "<group>"; };
		67FF8927221B6BAE005D9B2A /* Base */ = {isa = PBXFileReference; lastKnownFileType = file.storyboard; name = Base; path = Base.lproj/Main.storyboard; sourceTree = "<group>"; };
		67FF8929221B6BAF005D9B2A /* Assets.xcassets */ = {isa = PBXFileReference; lastKnownFileType = folder.assetcatalog; path = Assets.xcassets; sourceTree = "<group>"; };
		67FF892C221B6BAF005D9B2A /* Base */ = {isa = PBXFileReference; lastKnownFileType = file.storyboard; name = Base; path = Base.lproj/LaunchScreen.storyboard; sourceTree = "<group>"; };
		67FF892E221B6BAF005D9B2A /* Info.plist */ = {isa = PBXFileReference; lastKnownFileType = text.plist.xml; path = Info.plist; sourceTree = "<group>"; };
		67FF8933221B6BAF005D9B2A /* Spartan ClubsTests.xctest */ = {isa = PBXFileReference; explicitFileType = wrapper.cfbundle; includeInIndex = 0; path = "Spartan ClubsTests.xctest"; sourceTree = BUILT_PRODUCTS_DIR; };
		67FF8937221B6BAF005D9B2A /* Spartan_ClubsTests.swift */ = {isa = PBXFileReference; lastKnownFileType = sourcecode.swift; path = Spartan_ClubsTests.swift; sourceTree = "<group>"; };
		67FF8939221B6BAF005D9B2A /* Info.plist */ = {isa = PBXFileReference; lastKnownFileType = text.plist.xml; path = Info.plist; sourceTree = "<group>"; };
		67FF893E221B6BAF005D9B2A /* Spartan ClubsUITests.xctest */ = {isa = PBXFileReference; explicitFileType = wrapper.cfbundle; includeInIndex = 0; path = "Spartan ClubsUITests.xctest"; sourceTree = BUILT_PRODUCTS_DIR; };
		67FF8942221B6BAF005D9B2A /* Spartan_ClubsUITests.swift */ = {isa = PBXFileReference; lastKnownFileType = sourcecode.swift; path = Spartan_ClubsUITests.swift; sourceTree = "<group>"; };
		67FF8944221B6BAF005D9B2A /* Info.plist */ = {isa = PBXFileReference; lastKnownFileType = text.plist.xml; path = Info.plist; sourceTree = "<group>"; };
/* End PBXFileReference section */

/* Begin PBXFrameworksBuildPhase section */
		67FF891A221B6BAE005D9B2A /* Frameworks */ = {
			isa = PBXFrameworksBuildPhase;
			buildActionMask = 2147483647;
			files = (
			);
			runOnlyForDeploymentPostprocessing = 0;
		};
		67FF8930221B6BAF005D9B2A /* Frameworks */ = {
			isa = PBXFrameworksBuildPhase;
			buildActionMask = 2147483647;
			files = (
			);
			runOnlyForDeploymentPostprocessing = 0;
		};
		67FF893B221B6BAF005D9B2A /* Frameworks */ = {
			isa = PBXFrameworksBuildPhase;
			buildActionMask = 2147483647;
			files = (
			);
			runOnlyForDeploymentPostprocessing = 0;
		};
/* End PBXFrameworksBuildPhase section */

/* Begin PBXGroup section */
		67FF8914221B6BAE005D9B2A = {
			isa = PBXGroup;
			children = (
				67FF891F221B6BAE005D9B2A /* Spartan Clubs */,
				67FF8936221B6BAF005D9B2A /* Spartan ClubsTests */,
				67FF8941221B6BAF005D9B2A /* Spartan ClubsUITests */,
				67FF891E221B6BAE005D9B2A /* Products */,
			);
			sourceTree = "<group>";
		};
		67FF891E221B6BAE005D9B2A /* Products */ = {
			isa = PBXGroup;
			children = (
				67FF891D221B6BAE005D9B2A /* Spartan Clubs.app */,
				67FF8933221B6BAF005D9B2A /* Spartan ClubsTests.xctest */,
				67FF893E221B6BAF005D9B2A /* Spartan ClubsUITests.xctest */,
			);
			name = Products;
			sourceTree = "<group>";
		};
		67FF891F221B6BAE005D9B2A /* Spartan Clubs */ = {
			isa = PBXGroup;
			children = (
				67FF8920221B6BAE005D9B2A /* AppDelegate.swift */,
				67FF8922221B6BAE005D9B2A /* MasterViewController.swift */,
				67FF8924221B6BAE005D9B2A /* DetailViewController.swift */,
				67FF8926221B6BAE005D9B2A /* Main.storyboard */,
				67FF8929221B6BAF005D9B2A /* Assets.xcassets */,
				67FF892B221B6BAF005D9B2A /* LaunchScreen.storyboard */,
				67FF892E221B6BAF005D9B2A /* Info.plist */,
			);
			path = "Spartan Clubs";
			sourceTree = "<group>";
		};
		67FF8936221B6BAF005D9B2A /* Spartan ClubsTests */ = {
			isa = PBXGroup;
			children = (
				67FF8937221B6BAF005D9B2A /* Spartan_ClubsTests.swift */,
				67FF8939221B6BAF005D9B2A /* Info.plist */,
			);
			path = "Spartan ClubsTests";
			sourceTree = "<group>";
		};
		67FF8941221B6BAF005D9B2A /* Spartan ClubsUITests */ = {
			isa = PBXGroup;
			children = (
				67FF8942221B6BAF005D9B2A /* Spartan_ClubsUITests.swift */,
				67FF8944221B6BAF005D9B2A /* Info.plist */,
			);
			path = "Spartan ClubsUITests";
			sourceTree = "<group>";
		};
/* End PBXGroup section */

/* Begin PBXNativeTarget section */
		67FF891C221B6BAE005D9B2A /* Spartan Clubs */ = {
			isa = PBXNativeTarget;
			buildConfigurationList = 67FF8947221B6BAF005D9B2A /* Build configuration list for PBXNativeTarget "Spartan Clubs" */;
			buildPhases = (
				67FF8919221B6BAE005D9B2A /* Sources */,
				67FF891A221B6BAE005D9B2A /* Frameworks */,
				67FF891B221B6BAE005D9B2A /* Resources */,
			);
			buildRules = (
			);
			dependencies = (
			);
			name = "Spartan Clubs";
			productName = "Spartan Clubs";
			productReference = 67FF891D221B6BAE005D9B2A /* Spartan Clubs.app */;
			productType = "com.apple.product-type.application";
		};
		67FF8932221B6BAF005D9B2A /* Spartan ClubsTests */ = {
			isa = PBXNativeTarget;
			buildConfigurationList = 67FF894A221B6BAF005D9B2A /* Build configuration list for PBXNativeTarget "Spartan ClubsTests" */;
			buildPhases = (
				67FF892F221B6BAF005D9B2A /* Sources */,
				67FF8930221B6BAF005D9B2A /* Frameworks */,
				67FF8931221B6BAF005D9B2A /* Resources */,
			);
			buildRules = (
			);
			dependencies = (
				67FF8935221B6BAF005D9B2A /* PBXTargetDependency */,
			);
			name = "Spartan ClubsTests";
			productName = "Spartan ClubsTests";
			productReference = 67FF8933221B6BAF005D9B2A /* Spartan ClubsTests.xctest */;
			productType = "com.apple.product-type.bundle.unit-test";
		};
		67FF893D221B6BAF005D9B2A /* Spartan ClubsUITests */ = {
			isa = PBXNativeTarget;
			buildConfigurationList = 67FF894D221B6BAF005D9B2A /* Build configuration list for PBXNativeTarget "Spartan ClubsUITests" */;
			buildPhases = (
				67FF893A221B6BAF005D9B2A /* Sources */,
				67FF893B221B6BAF005D9B2A /* Frameworks */,
				67FF893C221B6BAF005D9B2A /* Resources */,
			);
			buildRules = (
			);
			dependencies = (
				67FF8940221B6BAF005D9B2A /* PBXTargetDependency */,
			);
			name = "Spartan ClubsUITests";
			productName = "Spartan ClubsUITests";
			productReference = 67FF893E221B6BAF005D9B2A /* Spartan ClubsUITests.xctest */;
			productType = "com.apple.product-type.bundle.ui-testing";
		};
/* End PBXNativeTarget section */

/* Begin PBXProject section */
		67FF8915221B6BAE005D9B2A /* Project object */ = {
			isa = PBXProject;
			attributes = {
				LastSwiftUpdateCheck = 1010;
				LastUpgradeCheck = 1010;
				ORGANIZATIONNAME = "Alam Figueroa Aguilar";
				TargetAttributes = {
					67FF891C221B6BAE005D9B2A = {
						CreatedOnToolsVersion = 10.1;
					};
					67FF8932221B6BAF005D9B2A = {
						CreatedOnToolsVersion = 10.1;
						TestTargetID = 67FF891C221B6BAE005D9B2A;
					};
					67FF893D221B6BAF005D9B2A = {
						CreatedOnToolsVersion = 10.1;
						TestTargetID = 67FF891C221B6BAE005D9B2A;
					};
				};
			};
			buildConfigurationList = 67FF8918221B6BAE005D9B2A /* Build configuration list for PBXProject "Spartan Clubs" */;
			compatibilityVersion = "Xcode 9.3";
			developmentRegion = en;
			hasScannedForEncodings = 0;
			knownRegions = (
				en,
				Base,
			);
			mainGroup = 67FF8914221B6BAE005D9B2A;
			productRefGroup = 67FF891E221B6BAE005D9B2A /* Products */;
			projectDirPath = "";
			projectRoot = "";
			targets = (
				67FF891C221B6BAE005D9B2A /* Spartan Clubs */,
				67FF8932221B6BAF005D9B2A /* Spartan ClubsTests */,
				67FF893D221B6BAF005D9B2A /* Spartan ClubsUITests */,
			);
		};
/* End PBXProject section */

/* Begin PBXResourcesBuildPhase section */
		67FF891B221B6BAE005D9B2A /* Resources */ = {
			isa = PBXResourcesBuildPhase;
			buildActionMask = 2147483647;
			files = (
				67FF892D221B6BAF005D9B2A /* LaunchScreen.storyboard in Resources */,
				67FF892A221B6BAF005D9B2A /* Assets.xcassets in Resources */,
				67FF8928221B6BAE005D9B2A /* Main.storyboard in Resources */,
			);
			runOnlyForDeploymentPostprocessing = 0;
		};
		67FF8931221B6BAF005D9B2A /* Resources */ = {
			isa = PBXResourcesBuildPhase;
			buildActionMask = 2147483647;
			files = (
			);
			runOnlyForDeploymentPostprocessing = 0;
		};
		67FF893C221B6BAF005D9B2A /* Resources */ = {
			isa = PBXResourcesBuildPhase;
			buildActionMask = 2147483647;
			files = (
			);
			runOnlyForDeploymentPostprocessing = 0;
		};
/* End PBXResourcesBuildPhase section */

/* Begin PBXSourcesBuildPhase section */
		67FF8919221B6BAE005D9B2A /* Sources */ = {
			isa = PBXSourcesBuildPhase;
			buildActionMask = 2147483647;
			files = (
				67FF8925221B6BAE005D9B2A /* DetailViewController.swift in Sources */,
				67FF8923221B6BAE005D9B2A /* MasterViewController.swift in Sources */,
				67FF8921221B6BAE005D9B2A /* AppDelegate.swift in Sources */,
			);
			runOnlyForDeploymentPostprocessing = 0;
		};
		67FF892F221B6BAF005D9B2A /* Sources */ = {
			isa = PBXSourcesBuildPhase;
			buildActionMask = 2147483647;
			files = (
				67FF8938221B6BAF005D9B2A /* Spartan_ClubsTests.swift in Sources */,
			);
			runOnlyForDeploymentPostprocessing = 0;
		};
		67FF893A221B6BAF005D9B2A /* Sources */ = {
			isa = PBXSourcesBuildPhase;
			buildActionMask = 2147483647;
			files = (
				67FF8943221B6BAF005D9B2A /* Spartan_ClubsUITests.swift in Sources */,
			);
			runOnlyForDeploymentPostprocessing = 0;
		};
/* End PBXSourcesBuildPhase section */

/* Begin PBXTargetDependency section */
		67FF8935221B6BAF005D9B2A /* PBXTargetDependency */ = {
			isa = PBXTargetDependency;
			target = 67FF891C221B6BAE005D9B2A /* Spartan Clubs */;
			targetProxy = 67FF8934221B6BAF005D9B2A /* PBXContainerItemProxy */;
		};
		67FF8940221B6BAF005D9B2A /* PBXTargetDependency */ = {
			isa = PBXTargetDependency;
			target = 67FF891C221B6BAE005D9B2A /* Spartan Clubs */;
			targetProxy = 67FF893F221B6BAF005D9B2A /* PBXContainerItemProxy */;
		};
/* End PBXTargetDependency section */

/* Begin PBXVariantGroup section */
		67FF8926221B6BAE005D9B2A /* Main.storyboard */ = {
			isa = PBXVariantGroup;
			children = (
				67FF8927221B6BAE005D9B2A /* Base */,
			);
			name = Main.storyboard;
			sourceTree = "<group>";
		};
		67FF892B221B6BAF005D9B2A /* LaunchScreen.storyboard */ = {
			isa = PBXVariantGroup;
			children = (
				67FF892C221B6BAF005D9B2A /* Base */,
			);
			name = LaunchScreen.storyboard;
			sourceTree = "<group>";
		};
/* End PBXVariantGroup section */

/* Begin XCBuildConfiguration section */
		67FF8945221B6BAF005D9B2A /* Debug */ = {
			isa = XCBuildConfiguration;
			buildSettings = {
				ALWAYS_SEARCH_USER_PATHS = NO;
				CLANG_ANALYZER_NONNULL = YES;
				CLANG_ANALYZER_NUMBER_OBJECT_CONVERSION = YES_AGGRESSIVE;
				CLANG_CXX_LANGUAGE_STANDARD = "gnu++14";
				CLANG_CXX_LIBRARY = "libc++";
				CLANG_ENABLE_MODULES = YES;
				CLANG_ENABLE_OBJC_ARC = YES;
				CLANG_ENABLE_OBJC_WEAK = YES;
				CLANG_WARN_BLOCK_CAPTURE_AUTORELEASING = YES;
				CLANG_WARN_BOOL_CONVERSION = YES;
				CLANG_WARN_COMMA = YES;
				CLANG_WARN_CONSTANT_CONVERSION = YES;
				CLANG_WARN_DEPRECATED_OBJC_IMPLEMENTATIONS = YES;
				CLANG_WARN_DIRECT_OBJC_ISA_USAGE = YES_ERROR;
				CLANG_WARN_DOCUMENTATION_COMMENTS = YES;
				CLANG_WARN_EMPTY_BODY = YES;
				CLANG_WARN_ENUM_CONVERSION = YES;
				CLANG_WARN_INFINITE_RECURSION = YES;
				CLANG_WARN_INT_CONVERSION = YES;
				CLANG_WARN_NON_LITERAL_NULL_CONVERSION = YES;
				CLANG_WARN_OBJC_IMPLICIT_RETAIN_SELF = YES;
				CLANG_WARN_OBJC_LITERAL_CONVERSION = YES;
				CLANG_WARN_OBJC_ROOT_CLASS = YES_ERROR;
				CLANG_WARN_RANGE_LOOP_ANALYSIS = YES;
				CLANG_WARN_STRICT_PROTOTYPES = YES;
				CLANG_WARN_SUSPICIOUS_MOVE = YES;
				CLANG_WARN_UNGUARDED_AVAILABILITY = YES_AGGRESSIVE;
				CLANG_WARN_UNREACHABLE_CODE = YES;
				CLANG_WARN__DUPLICATE_METHOD_MATCH = YES;
				CODE_SIGN_IDENTITY = "iPhone Developer";
				COPY_PHASE_STRIP = NO;
				DEBUG_INFORMATION_FORMAT = dwarf;
				ENABLE_STRICT_OBJC_MSGSEND = YES;
				ENABLE_TESTABILITY = YES;
				GCC_C_LANGUAGE_STANDARD = gnu11;
				GCC_DYNAMIC_NO_PIC = NO;
				GCC_NO_COMMON_BLOCKS = YES;
				GCC_OPTIMIZATION_LEVEL = 0;
				GCC_PREPROCESSOR_DEFINITIONS = (
					"DEBUG=1",
					"$(inherited)",
				);
				GCC_WARN_64_TO_32_BIT_CONVERSION = YES;
				GCC_WARN_ABOUT_RETURN_TYPE = YES_ERROR;
				GCC_WARN_UNDECLARED_SELECTOR = YES;
				GCC_WARN_UNINITIALIZED_AUTOS = YES_AGGRESSIVE;
				GCC_WARN_UNUSED_FUNCTION = YES;
				GCC_WARN_UNUSED_VARIABLE = YES;
				IPHONEOS_DEPLOYMENT_TARGET = 12.1;
				MTL_ENABLE_DEBUG_INFO = INCLUDE_SOURCE;
				MTL_FAST_MATH = YES;
				ONLY_ACTIVE_ARCH = YES;
				SDKROOT = iphoneos;
				SWIFT_ACTIVE_COMPILATION_CONDITIONS = DEBUG;
				SWIFT_OPTIMIZATION_LEVEL = "-Onone";
			};
			name = Debug;
		};
		67FF8946221B6BAF005D9B2A /* Release */ = {
			isa = XCBuildConfiguration;
			buildSettings = {
				ALWAYS_SEARCH_USER_PATHS = NO;
				CLANG_ANALYZER_NONNULL = YES;
				CLANG_ANALYZER_NUMBER_OBJECT_CONVERSION = YES_AGGRESSIVE;
				CLANG_CXX_LANGUAGE_STANDARD = "gnu++14";
				CLANG_CXX_LIBRARY = "libc++";
				CLANG_ENABLE_MODULES = YES;
				CLANG_ENABLE_OBJC_ARC = YES;
				CLANG_ENABLE_OBJC_WEAK = YES;
				CLANG_WARN_BLOCK_CAPTURE_AUTORELEASING = YES;
				CLANG_WARN_BOOL_CONVERSION = YES;
				CLANG_WARN_COMMA = YES;
				CLANG_WARN_CONSTANT_CONVERSION = YES;
				CLANG_WARN_DEPRECATED_OBJC_IMPLEMENTATIONS = YES;
				CLANG_WARN_DIRECT_OBJC_ISA_USAGE = YES_ERROR;
				CLANG_WARN_DOCUMENTATION_COMMENTS = YES;
				CLANG_WARN_EMPTY_BODY = YES;
				CLANG_WARN_ENUM_CONVERSION = YES;
				CLANG_WARN_INFINITE_RECURSION = YES;
				CLANG_WARN_INT_CONVERSION = YES;
				CLANG_WARN_NON_LITERAL_NULL_CONVERSION = YES;
				CLANG_WARN_OBJC_IMPLICIT_RETAIN_SELF = YES;
				CLANG_WARN_OBJC_LITERAL_CONVERSION = YES;
				CLANG_WARN_OBJC_ROOT_CLASS = YES_ERROR;
				CLANG_WARN_RANGE_LOOP_ANALYSIS = YES;
				CLANG_WARN_STRICT_PROTOTYPES = YES;
				CLANG_WARN_SUSPICIOUS_MOVE = YES;
				CLANG_WARN_UNGUARDED_AVAILABILITY = YES_AGGRESSIVE;
				CLANG_WARN_UNREACHABLE_CODE = YES;
				CLANG_WARN__DUPLICATE_METHOD_MATCH = YES;
				CODE_SIGN_IDENTITY = "iPhone Developer";
				COPY_PHASE_STRIP = NO;
				DEBUG_INFORMATION_FORMAT = "dwarf-with-dsym";
				ENABLE_NS_ASSERTIONS = NO;
				ENABLE_STRICT_OBJC_MSGSEND = YES;
				GCC_C_LANGUAGE_STANDARD = gnu11;
				GCC_NO_COMMON_BLOCKS = YES;
				GCC_WARN_64_TO_32_BIT_CONVERSION = YES;
				GCC_WARN_ABOUT_RETURN_TYPE = YES_ERROR;
				GCC_WARN_UNDECLARED_SELECTOR = YES;
				GCC_WARN_UNINITIALIZED_AUTOS = YES_AGGRESSIVE;
				GCC_WARN_UNUSED_FUNCTION = YES;
				GCC_WARN_UNUSED_VARIABLE = YES;
				IPHONEOS_DEPLOYMENT_TARGET = 12.1;
				MTL_ENABLE_DEBUG_INFO = NO;
				MTL_FAST_MATH = YES;
				SDKROOT = iphoneos;
				SWIFT_COMPILATION_MODE = wholemodule;
				SWIFT_OPTIMIZATION_LEVEL = "-O";
				VALIDATE_PRODUCT = YES;
			};
			name = Release;
		};
		67FF8948221B6BAF005D9B2A /* Debug */ = {
			isa = XCBuildConfiguration;
			buildSettings = {
				ASSETCATALOG_COMPILER_APPICON_NAME = AppIcon;
				CODE_SIGN_STYLE = Automatic;
				INFOPLIST_FILE = "Spartan Clubs/Info.plist";
				LD_RUNPATH_SEARCH_PATHS = (
					"$(inherited)",
					"@executable_path/Frameworks",
				);
				PRODUCT_BUNDLE_IDENTIFIER = "com.example.Spartan-Clubs";
				PRODUCT_NAME = "$(TARGET_NAME)";
				SWIFT_VERSION = 4.2;
				TARGETED_DEVICE_FAMILY = "1,2";
			};
			name = Debug;
		};
		67FF8949221B6BAF005D9B2A /* Release */ = {
			isa = XCBuildConfiguration;
			buildSettings = {
				ASSETCATALOG_COMPILER_APPICON_NAME = AppIcon;
				CODE_SIGN_STYLE = Automatic;
				INFOPLIST_FILE = "Spartan Clubs/Info.plist";
				LD_RUNPATH_SEARCH_PATHS = (
					"$(inherited)",
					"@executable_path/Frameworks",
				);
				PRODUCT_BUNDLE_IDENTIFIER = "com.example.Spartan-Clubs";
				PRODUCT_NAME = "$(TARGET_NAME)";
				SWIFT_VERSION = 4.2;
				TARGETED_DEVICE_FAMILY = "1,2";
			};
			name = Release;
		};
		67FF894B221B6BAF005D9B2A /* Debug */ = {
			isa = XCBuildConfiguration;
			buildSettings = {
				ALWAYS_EMBED_SWIFT_STANDARD_LIBRARIES = YES;
				BUNDLE_LOADER = "$(TEST_HOST)";
				CODE_SIGN_STYLE = Automatic;
				INFOPLIST_FILE = "Spartan ClubsTests/Info.plist";
				LD_RUNPATH_SEARCH_PATHS = (
					"$(inherited)",
					"@executable_path/Frameworks",
					"@loader_path/Frameworks",
				);
				PRODUCT_BUNDLE_IDENTIFIER = "com.example.Spartan-ClubsTests";
				PRODUCT_NAME = "$(TARGET_NAME)";
				SWIFT_VERSION = 4.2;
				TARGETED_DEVICE_FAMILY = "1,2";
				TEST_HOST = "$(BUILT_PRODUCTS_DIR)/Spartan Clubs.app/Spartan Clubs";
			};
			name = Debug;
		};
		67FF894C221B6BAF005D9B2A /* Release */ = {
			isa = XCBuildConfiguration;
			buildSettings = {
				ALWAYS_EMBED_SWIFT_STANDARD_LIBRARIES = YES;
				BUNDLE_LOADER = "$(TEST_HOST)";
				CODE_SIGN_STYLE = Automatic;
				INFOPLIST_FILE = "Spartan ClubsTests/Info.plist";
				LD_RUNPATH_SEARCH_PATHS = (
					"$(inherited)",
					"@executable_path/Frameworks",
					"@loader_path/Frameworks",
				);
				PRODUCT_BUNDLE_IDENTIFIER = "com.example.Spartan-ClubsTests";
				PRODUCT_NAME = "$(TARGET_NAME)";
				SWIFT_VERSION = 4.2;
				TARGETED_DEVICE_FAMILY = "1,2";
				TEST_HOST = "$(BUILT_PRODUCTS_DIR)/Spartan Clubs.app/Spartan Clubs";
			};
			name = Release;
		};
		67FF894E221B6BAF005D9B2A /* Debug */ = {
			isa = XCBuildConfiguration;
			buildSettings = {
				ALWAYS_EMBED_SWIFT_STANDARD_LIBRARIES = YES;
				CODE_SIGN_STYLE = Automatic;
				INFOPLIST_FILE = "Spartan ClubsUITests/Info.plist";
				LD_RUNPATH_SEARCH_PATHS = (
					"$(inherited)",
					"@executable_path/Frameworks",
					"@loader_path/Frameworks",
				);
				PRODUCT_BUNDLE_IDENTIFIER = "com.example.Spartan-ClubsUITests";
				PRODUCT_NAME = "$(TARGET_NAME)";
				SWIFT_VERSION = 4.2;
				TARGETED_DEVICE_FAMILY = "1,2";
				TEST_TARGET_NAME = "Spartan Clubs";
			};
			name = Debug;
		};
		67FF894F221B6BAF005D9B2A /* Release */ = {
			isa = XCBuildConfiguration;
			buildSettings = {
				ALWAYS_EMBED_SWIFT_STANDARD_LIBRARIES = YES;
				CODE_SIGN_STYLE = Automatic;
				INFOPLIST_FILE = "Spartan ClubsUITests/Info.plist";
				LD_RUNPATH_SEARCH_PATHS = (
					"$(inherited)",
					"@executable_path/Frameworks",
					"@loader_path/Frameworks",
				);
				PRODUCT_BUNDLE_IDENTIFIER = "com.example.Spartan-ClubsUITests";
				PRODUCT_NAME = "$(TARGET_NAME)";
				SWIFT_VERSION = 4.2;
				TARGETED_DEVICE_FAMILY = "1,2";
				TEST_TARGET_NAME = "Spartan Clubs";
			};
			name = Release;
		};
/* End XCBuildConfiguration section */

/* Begin XCConfigurationList section */
		67FF8918221B6BAE005D9B2A /* Build configuration list for PBXProject "Spartan Clubs" */ = {
			isa = XCConfigurationList;
			buildConfigurations = (
				67FF8945221B6BAF005D9B2A /* Debug */,
				67FF8946221B6BAF005D9B2A /* Release */,
			);
			defaultConfigurationIsVisible = 0;
			defaultConfigurationName = Release;
		};
		67FF8947221B6BAF005D9B2A /* Build configuration list for PBXNativeTarget "Spartan Clubs" */ = {
			isa = XCConfigurationList;
			buildConfigurations = (
				67FF8948221B6BAF005D9B2A /* Debug */,
				67FF8949221B6BAF005D9B2A /* Release */,
			);
			defaultConfigurationIsVisible = 0;
			defaultConfigurationName = Release;
		};
		67FF894A221B6BAF005D9B2A /* Build configuration list for PBXNativeTarget "Spartan ClubsTests" */ = {
			isa = XCConfigurationList;
			buildConfigurations = (
				67FF894B221B6BAF005D9B2A /* Debug */,
				67FF894C221B6BAF005D9B2A /* Release */,
			);
			defaultConfigurationIsVisible = 0;
			defaultConfigurationName = Release;
		};
		67FF894D221B6BAF005D9B2A /* Build configuration list for PBXNativeTarget "Spartan ClubsUITests" */ = {
			isa = XCConfigurationList;
			buildConfigurations = (
				67FF894E221B6BAF005D9B2A /* Debug */,
				67FF894F221B6BAF005D9B2A /* Release */,
			);
			defaultConfigurationIsVisible = 0;
			defaultConfigurationName = Release;
		};
/* End XCConfigurationList section */
	};
	rootObject = 67FF8915221B6BAE005D9B2A /* Project object */;
}
